
Microsoft Visual Studio Solution File, Format Version 12.00
# Visual Studio Version 16
VisualStudioVersion = 16.0.32602.291
MinimumVisualStudioVersion = 10.0.40219.1
Project("{9A19103F-16F7-4668-BE54-9A1E7A4F7556}") = "LibraryManagementSystem", "LibraryManagementSystem.csproj", "{51B6E299-5169-4755-951A-33D5987A9D0D}"
EndProject
Global
	GlobalSection(SolutionConfigurationPlatforms) = preSolution
		Debug|Any CPU = Debug|Any CPU
		Release|Any CPU = Release|Any CPU
	EndGlobalSection
	GlobalSection(ProjectConfigurationPlatforms) = postSolution
		{51B6E299-5169-4755-951A-33D5987A9D0D}.Debug|Any CPU.ActiveCfg = Debug|Any CPU
		{51B6E299-5169-4755-951A-33D5987A9D0D}.Debug|Any CPU.Build.0 = Debug|Any CPU
		{51B6E299-5169-4755-951A-33D5987A9D0D}.Release|Any CPU.ActiveCfg = Release|Any CPU
		{51B6E299-5169-4755-951A-33D5987A9D0D}.Release|Any CPU.Build.0 = Release|Any CPU
	EndGlobalSection
	GlobalSection(SolutionProperties) = preSolution
		HideSolutionNode = FALSE
	EndGlobalSection
	GlobalSection(ExtensibilityGlobals) = postSolution
		SolutionGuid = {B5922D24-FFFC-4DCC-AA54-154A6E09C1AC}
	EndGlobalSection
EndGlobal
